
Microsoft Visual Studio Solution File, Format Version 12.00
# Visual Studio Version 17
VisualStudioVersion = 17.13.35828.75
MinimumVisualStudioVersion = 10.0.40219.1
Project("{FAE04EC0-301F-11D3-BF4B-00C04F79EFBC}") = "MyPlant", "MyPlant\MyPlant.csproj", "{CF224087-AE48-4823-86E9-FA15F85039D0}"
EndProject
Project("{FAE04EC0-301F-11D3-BF4B-00C04F79EFBC}") = "MyPlant.Tests", "MyPlant.Tests\MyPlant.Tests.csproj", "{1744D7FF-A1C3-48FE-9ED6-D8BA5875F747}"
EndProject
Global
	GlobalSection(SolutionConfigurationPlatforms) = preSolution
		Debug|Any CPU = Debug|Any CPU
		Release|Any CPU = Release|Any CPU
	EndGlobalSection
	GlobalSection(ProjectConfigurationPlatforms) = postSolution
		{CF224087-AE48-4823-86E9-FA15F85039D0}.Debug|Any CPU.ActiveCfg = Debug|Any CPU
		{CF224087-AE48-4823-86E9-FA15F85039D0}.Debug|Any CPU.Build.0 = Debug|Any CPU
		{CF224087-AE48-4823-86E9-FA15F85039D0}.Release|Any CPU.ActiveCfg = Release|Any CPU
		{CF224087-AE48-4823-86E9-FA15F85039D0}.Release|Any CPU.Build.0 = Release|Any CPU
		{1744D7FF-A1C3-48FE-9ED6-D8BA5875F747}.Debug|Any CPU.ActiveCfg = Debug|Any CPU
		{1744D7FF-A1C3-48FE-9ED6-D8BA5875F747}.Debug|Any CPU.Build.0 = Debug|Any CPU
		{1744D7FF-A1C3-48FE-9ED6-D8BA5875F747}.Release|Any CPU.ActiveCfg = Release|Any CPU
		{1744D7FF-A1C3-48FE-9ED6-D8BA5875F747}.Release|Any CPU.Build.0 = Release|Any CPU
	EndGlobalSection
	GlobalSection(SolutionProperties) = preSolution
		HideSolutionNode = FALSE
	EndGlobalSection
	GlobalSection(ExtensibilityGlobals) = postSolution
		SolutionGuid = {EDAF5A6F-0201-44BE-8364-497992A991C6}
	EndGlobalSection
EndGlobal
